
Microsoft Visual Studio Solution File, Format Version 12.00
# Visual Studio 15
VisualStudioVersion = 15.0.28307.168
MinimumVisualStudioVersion = 10.0.40219.1
Project("{FAE04EC0-301F-11D3-BF4B-00C04F79EFBC}") = "Game2048.Core", "Game2048.Core\Game2048.Core.csproj", "{A89BA51F-DAEF-4F89-8EEC-9E2346FB22E4}"
EndProject
Project("{FAE04EC0-301F-11D3-BF4B-00C04F79EFBC}") = "Game2048.ConsoleApp", "Game2048.ConsoleApp\Game2048.ConsoleApp.csproj", "{91E82548-DA8A-4A13-B076-1945A8CE3246}"
EndProject
Global
	GlobalSection(SolutionConfigurationPlatforms) = preSolution
		Debug|Any CPU = Debug|Any CPU
		Release|Any CPU = Release|Any CPU
	EndGlobalSection
	GlobalSection(ProjectConfigurationPlatforms) = postSolution
		{A89BA51F-DAEF-4F89-8EEC-9E2346FB22E4}.Debug|Any CPU.ActiveCfg = Debug|Any CPU
		{A89BA51F-DAEF-4F89-8EEC-9E2346FB22E4}.Debug|Any CPU.Build.0 = Debug|Any CPU
		{A89BA51F-DAEF-4F89-8EEC-9E2346FB22E4}.Release|Any CPU.ActiveCfg = Release|Any CPU
		{A89BA51F-DAEF-4F89-8EEC-9E2346FB22E4}.Release|Any CPU.Build.0 = Release|Any CPU
		{91E82548-DA8A-4A13-B076-1945A8CE3246}.Debug|Any CPU.ActiveCfg = Debug|Any CPU
		{91E82548-DA8A-4A13-B076-1945A8CE3246}.Debug|Any CPU.Build.0 = Debug|Any CPU
		{91E82548-DA8A-4A13-B076-1945A8CE3246}.Release|Any CPU.ActiveCfg = Release|Any CPU
		{91E82548-DA8A-4A13-B076-1945A8CE3246}.Release|Any CPU.Build.0 = Release|Any CPU
	EndGlobalSection
	GlobalSection(SolutionProperties) = preSolution
		HideSolutionNode = FALSE
	EndGlobalSection
	GlobalSection(ExtensibilityGlobals) = postSolution
		SolutionGuid = {DC968CD2-6BB8-422F-A1C2-8985FA94F49E}
	EndGlobalSection
EndGlobal
